
Microsoft Visual Studio Solution File, Format Version 12.00
# Visual Studio 14
VisualStudioVersion = 14.0.23107.0
MinimumVisualStudioVersion = 10.0.40219.1
Project("{FAE04EC0-301F-11D3-BF4B-00C04F79EFBC}") = "EventHubsReceiver", "EventHubsReceiver\EventHubsReceiver.csproj", "{D77085A7-2EB5-4D2F-A73A-FF3376EEBD26}"
EndProject
Project("{FAE04EC0-301F-11D3-BF4B-00C04F79EFBC}") = "EventHubsSender", "..\EventHubsSender\EventHubsSender\EventHubsSender.csproj", "{6F5BC6DD-C784-4A89-BC7E-CDFE50F59061}"
	ProjectSection(ProjectDependencies) = postProject
		{D77085A7-2EB5-4D2F-A73A-FF3376EEBD26} = {D77085A7-2EB5-4D2F-A73A-FF3376EEBD26}
	EndProjectSection
EndProject
Global
	GlobalSection(SolutionConfigurationPlatforms) = preSolution
		Debug|Any CPU = Debug|Any CPU
		Release|Any CPU = Release|Any CPU
	EndGlobalSection
	GlobalSection(ProjectConfigurationPlatforms) = postSolution
		{D77085A7-2EB5-4D2F-A73A-FF3376EEBD26}.Debug|Any CPU.ActiveCfg = Debug|Any CPU
		{D77085A7-2EB5-4D2F-A73A-FF3376EEBD26}.Debug|Any CPU.Build.0 = Debug|Any CPU
		{D77085A7-2EB5-4D2F-A73A-FF3376EEBD26}.Release|Any CPU.ActiveCfg = Release|Any CPU
		{D77085A7-2EB5-4D2F-A73A-FF3376EEBD26}.Release|Any CPU.Build.0 = Release|Any CPU
		{6F5BC6DD-C784-4A89-BC7E-CDFE50F59061}.Debug|Any CPU.ActiveCfg = Debug|Any CPU
		{6F5BC6DD-C784-4A89-BC7E-CDFE50F59061}.Debug|Any CPU.Build.0 = Debug|Any CPU
		{6F5BC6DD-C784-4A89-BC7E-CDFE50F59061}.Release|Any CPU.ActiveCfg = Release|Any CPU
		{6F5BC6DD-C784-4A89-BC7E-CDFE50F59061}.Release|Any CPU.Build.0 = Release|Any CPU
	EndGlobalSection
	GlobalSection(SolutionProperties) = preSolution
		HideSolutionNode = FALSE
	EndGlobalSection
EndGlobal
